// !$*UTF8*$!
{
	archiveVersion = 1;
	classes = {
	};
	objectVersion = 50;
	objects = {

/* Begin PBXBuildFile section */
		047F8CA220F0E289009C8E3C /* AppDelegate.swift in Sources */ = {isa = PBXBuildFile; fileRef = 047F8CA120F0E289009C8E3C /* AppDelegate.swift */; };
		047F8CA420F0E289009C8E3C /* ViewController.swift in Sources */ = {isa = PBXBuildFile; fileRef = 047F8CA320F0E289009C8E3C /* ViewController.swift */; };
		047F8CA720F0E289009C8E3C /* Main.storyboard in Resources */ = {isa = PBXBuildFile; fileRef = 047F8CA520F0E289009C8E3C /* Main.storyboard */; };
		047F8CA920F0E28B009C8E3C /* Assets.xcassets in Resources */ = {isa = PBXBuildFile; fileRef = 047F8CA820F0E28B009C8E3C /* Assets.xcassets */; };
		047F8CAC20F0E28B009C8E3C /* LaunchScreen.storyboard in Resources */ = {isa = PBXBuildFile; fileRef = 047F8CAA20F0E28B009C8E3C /* LaunchScreen.storyboard */; };
		047F8CB420F0E88C009C8E3C /* CustomeCell.swift in Sources */ = {isa = PBXBuildFile; fileRef = 047F8CB320F0E88C009C8E3C /* CustomeCell.swift */; };
		047F8CB620F0F8B6009C8E3C /* MediaWorker.swift in Sources */ = {isa = PBXBuildFile; fileRef = 047F8CB520F0F8B6009C8E3C /* MediaWorker.swift */; };
		047F8CB820F0F8DD009C8E3C /* ResumeDataStorage.swift in Sources */ = {isa = PBXBuildFile; fileRef = 047F8CB720F0F8DD009C8E3C /* ResumeDataStorage.swift */; };
		047F8CBA20F101E3009C8E3C /* AVPlayerExtension.swift in Sources */ = {isa = PBXBuildFile; fileRef = 047F8CB920F101E3009C8E3C /* AVPlayerExtension.swift */; };
/* End PBXBuildFile section */

/* Begin PBXFileReference section */
		047F8C9E20F0E289009C8E3C /* videoLoader.app */ = {isa = PBXFileReference; explicitFileType = wrapper.application; includeInIndex = 0; path = videoLoader.app; sourceTree = BUILT_PRODUCTS_DIR; };
		047F8CA120F0E289009C8E3C /* AppDelegate.swift */ = {isa = PBXFileReference; lastKnownFileType = sourcecode.swift; path = AppDelegate.swift; sourceTree = "<group>"; };
		047F8CA320F0E289009C8E3C /* ViewController.swift */ = {isa = PBXFileReference; lastKnownFileType = sourcecode.swift; path = ViewController.swift; sourceTree = "<group>"; };
		047F8CA620F0E289009C8E3C /* Base */ = {isa = PBXFileReference; lastKnownFileType = file.storyboard; name = Base; path = Base.lproj/Main.storyboard; sourceTree = "<group>"; };
		047F8CA820F0E28B009C8E3C /* Assets.xcassets */ = {isa = PBXFileReference; lastKnownFileType = folder.assetcatalog; path = Assets.xcassets; sourceTree = "<group>"; };
		047F8CAB20F0E28B009C8E3C /* Base */ = {isa = PBXFileReference; lastKnownFileType = file.storyboard; name = Base; path = Base.lproj/LaunchScreen.storyboard; sourceTree = "<group>"; };
		047F8CAD20F0E28B009C8E3C /* Info.plist */ = {isa = PBXFileReference; lastKnownFileType = text.plist.xml; path = Info.plist; sourceTree = "<group>"; };
		047F8CB320F0E88C009C8E3C /* CustomeCell.swift */ = {isa = PBXFileReference; lastKnownFileType = sourcecode.swift; path = CustomeCell.swift; sourceTree = "<group>"; };
		047F8CB520F0F8B6009C8E3C /* MediaWorker.swift */ = {isa = PBXFileReference; lastKnownFileType = sourcecode.swift; path = MediaWorker.swift; sourceTree = "<group>"; };
		047F8CB720F0F8DD009C8E3C /* ResumeDataStorage.swift */ = {isa = PBXFileReference; lastKnownFileType = sourcecode.swift; path = ResumeDataStorage.swift; sourceTree = "<group>"; };
		047F8CB920F101E3009C8E3C /* AVPlayerExtension.swift */ = {isa = PBXFileReference; lastKnownFileType = sourcecode.swift; path = AVPlayerExtension.swift; sourceTree = "<group>"; };
/* End PBXFileReference section */

/* Begin PBXFrameworksBuildPhase section */
		047F8C9B20F0E289009C8E3C /* Frameworks */ = {
			isa = PBXFrameworksBuildPhase;
			buildActionMask = 2147483647;
			files = (
			);
			runOnlyForDeploymentPostprocessing = 0;
		};
/* End PBXFrameworksBuildPhase section */

/* Begin PBXGroup section */
		047F8C9520F0E289009C8E3C = {
			isa = PBXGroup;
			children = (
				047F8CA020F0E289009C8E3C /* videoLoader */,
				047F8C9F20F0E289009C8E3C /* Products */,
			);
			sourceTree = "<group>";
		};
		047F8C9F20F0E289009C8E3C /* Products */ = {
			isa = PBXGroup;
			children = (
				047F8C9E20F0E289009C8E3C /* videoLoader.app */,
			);
			name = Products;
			sourceTree = "<group>";
		};
		047F8CA020F0E289009C8E3C /* videoLoader */ = {
			isa = PBXGroup;
			children = (
				047F8CA120F0E289009C8E3C /* AppDelegate.swift */,
				047F8CA320F0E289009C8E3C /* ViewController.swift */,
				047F8CB520F0F8B6009C8E3C /* MediaWorker.swift */,
				047F8CB720F0F8DD009C8E3C /* ResumeDataStorage.swift */,
				047F8CB320F0E88C009C8E3C /* CustomeCell.swift */,
				047F8CB920F101E3009C8E3C /* AVPlayerExtension.swift */,
				047F8CA520F0E289009C8E3C /* Main.storyboard */,
				047F8CA820F0E28B009C8E3C /* Assets.xcassets */,
				047F8CAA20F0E28B009C8E3C /* LaunchScreen.storyboard */,
				047F8CAD20F0E28B009C8E3C /* Info.plist */,
			);
			path = videoLoader;
			sourceTree = "<group>";
		};
/* End PBXGroup section */

/* Begin PBXNativeTarget section */
		047F8C9D20F0E289009C8E3C /* videoLoader */ = {
			isa = PBXNativeTarget;
			buildConfigurationList = 047F8CB020F0E28B009C8E3C /* Build configuration list for PBXNativeTarget "videoLoader" */;
			buildPhases = (
				047F8C9A20F0E289009C8E3C /* Sources */,
				047F8C9B20F0E289009C8E3C /* Frameworks */,
				047F8C9C20F0E289009C8E3C /* Resources */,
			);
			buildRules = (
			);
			dependencies = (
			);
			name = videoLoader;
			productName = videoLoader;
			productReference = 047F8C9E20F0E289009C8E3C /* videoLoader.app */;
			productType = "com.apple.product-type.application";
		};
/* End PBXNativeTarget section */

/* Begin PBXProject section */
		047F8C9620F0E289009C8E3C /* Project object */ = {
			isa = PBXProject;
			attributes = {
				LastSwiftUpdateCheck = 0930;
				LastUpgradeCheck = 0930;
				ORGANIZATIONNAME = testOrg;
				TargetAttributes = {
					047F8C9D20F0E289009C8E3C = {
						CreatedOnToolsVersion = 9.3;
					};
				};
			};
			buildConfigurationList = 047F8C9920F0E289009C8E3C /* Build configuration list for PBXProject "videoLoader" */;
			compatibilityVersion = "Xcode 9.3";
			developmentRegion = en;
			hasScannedForEncodings = 0;
			knownRegions = (
				en,
				Base,
			);
			mainGroup = 047F8C9520F0E289009C8E3C;
			productRefGroup = 047F8C9F20F0E289009C8E3C /* Products */;
			projectDirPath = "";
			projectRoot = "";
			targets = (
				047F8C9D20F0E289009C8E3C /* videoLoader */,
			);
		};
/* End PBXProject section */

/* Begin PBXResourcesBuildPhase section */
		047F8C9C20F0E289009C8E3C /* Resources */ = {
			isa = PBXResourcesBuildPhase;
			buildActionMask = 2147483647;
			files = (
				047F8CAC20F0E28B009C8E3C /* LaunchScreen.storyboard in Resources */,
				047F8CA920F0E28B009C8E3C /* Assets.xcassets in Resources */,
				047F8CA720F0E289009C8E3C /* Main.storyboard in Resources */,
			);
			runOnlyForDeploymentPostprocessing = 0;
		};
/* End PBXResourcesBuildPhase section */

/* Begin PBXSourcesBuildPhase section */
		047F8C9A20F0E289009C8E3C /* Sources */ = {
			isa = PBXSourcesBuildPhase;
			buildActionMask = 2147483647;
			files = (
				047F8CB420F0E88C009C8E3C /* CustomeCell.swift in Sources */,
				047F8CBA20F101E3009C8E3C /* AVPlayerExtension.swift in Sources */,
				047F8CA420F0E289009C8E3C /* ViewController.swift in Sources */,
				047F8CB820F0F8DD009C8E3C /* ResumeDataStorage.swift in Sources */,
				047F8CB620F0F8B6009C8E3C /* MediaWorker.swift in Sources */,
				047F8CA220F0E289009C8E3C /* AppDelegate.swift in Sources */,
			);
			runOnlyForDeploymentPostprocessing = 0;
		};
/* End PBXSourcesBuildPhase section */

/* Begin PBXVariantGroup section */
		047F8CA520F0E289009C8E3C /* Main.storyboard */ = {
			isa = PBXVariantGroup;
			children = (
				047F8CA620F0E289009C8E3C /* Base */,
			);
			name = Main.storyboard;
			sourceTree = "<group>";
		};
		047F8CAA20F0E28B009C8E3C /* LaunchScreen.storyboard */ = {
			isa = PBXVariantGroup;
			children = (
				047F8CAB20F0E28B009C8E3C /* Base */,
			);
			name = LaunchScreen.storyboard;
			sourceTree = "<group>";
		};
/* End PBXVariantGroup section */

/* Begin XCBuildConfiguration section */
		047F8CAE20F0E28B009C8E3C /* Debug */ = {
			isa = XCBuildConfiguration;
			buildSettings = {
				ALWAYS_SEARCH_USER_PATHS = NO;
				CLANG_ANALYZER_NONNULL = YES;
				CLANG_ANALYZER_NUMBER_OBJECT_CONVERSION = YES_AGGRESSIVE;
				CLANG_CXX_LANGUAGE_STANDARD = "gnu++14";
				CLANG_CXX_LIBRARY = "libc++";
				CLANG_ENABLE_MODULES = YES;
				CLANG_ENABLE_OBJC_ARC = YES;
				CLANG_ENABLE_OBJC_WEAK = YES;
				CLANG_WARN_BLOCK_CAPTURE_AUTORELEASING = YES;
				CLANG_WARN_BOOL_CONVERSION = YES;
				CLANG_WARN_COMMA = YES;
				CLANG_WARN_CONSTANT_CONVERSION = YES;
				CLANG_WARN_DEPRECATED_OBJC_IMPLEMENTATIONS = YES;
				CLANG_WARN_DIRECT_OBJC_ISA_USAGE = YES_ERROR;
				CLANG_WARN_DOCUMENTATION_COMMENTS = YES;
				CLANG_WARN_EMPTY_BODY = YES;
				CLANG_WARN_ENUM_CONVERSION = YES;
				CLANG_WARN_INFINITE_RECURSION = YES;
				CLANG_WARN_INT_CONVERSION = YES;
				CLANG_WARN_NON_LITERAL_NULL_CONVERSION = YES;
				CLANG_WARN_OBJC_IMPLICIT_RETAIN_SELF = YES;
				CLANG_WARN_OBJC_LITERAL_CONVERSION = YES;
				CLANG_WARN_OBJC_ROOT_CLASS = YES_ERROR;
				CLANG_WARN_RANGE_LOOP_ANALYSIS = YES;
				CLANG_WARN_STRICT_PROTOTYPES = YES;
				CLANG_WARN_SUSPICIOUS_MOVE = YES;
				CLANG_WARN_UNGUARDED_AVAILABILITY = YES_AGGRESSIVE;
				CLANG_WARN_UNREACHABLE_CODE = YES;
				CLANG_WARN__DUPLICATE_METHOD_MATCH = YES;
				CODE_SIGN_IDENTITY = "iPhone Developer";
				COPY_PHASE_STRIP = NO;
				DEBUG_INFORMATION_FORMAT = dwarf;
				ENABLE_STRICT_OBJC_MSGSEND = YES;
				ENABLE_TESTABILITY = YES;
				GCC_C_LANGUAGE_STANDARD = gnu11;
				GCC_DYNAMIC_NO_PIC = NO;
				GCC_NO_COMMON_BLOCKS = YES;
				GCC_OPTIMIZATION_LEVEL = 0;
				GCC_PREPROCESSOR_DEFINITIONS = (
					"DEBUG=1",
					"$(inherited)",
				);
				GCC_WARN_64_TO_32_BIT_CONVERSION = YES;
				GCC_WARN_ABOUT_RETURN_TYPE = YES_ERROR;
				GCC_WARN_UNDECLARED_SELECTOR = YES;
				GCC_WARN_UNINITIALIZED_AUTOS = YES_AGGRESSIVE;
				GCC_WARN_UNUSED_FUNCTION = YES;
				GCC_WARN_UNUSED_VARIABLE = YES;
				IPHONEOS_DEPLOYMENT_TARGET = 11.3;
				MTL_ENABLE_DEBUG_INFO = YES;
				ONLY_ACTIVE_ARCH = YES;
				SDKROOT = iphoneos;
				SWIFT_ACTIVE_COMPILATION_CONDITIONS = DEBUG;
				SWIFT_OPTIMIZATION_LEVEL = "-Onone";
			};
			name = Debug;
		};
		047F8CAF20F0E28B009C8E3C /* Release */ = {
			isa = XCBuildConfiguration;
			buildSettings = {
				ALWAYS_SEARCH_USER_PATHS = NO;
				CLANG_ANALYZER_NONNULL = YES;
				CLANG_ANALYZER_NUMBER_OBJECT_CONVERSION = YES_AGGRESSIVE;
				CLANG_CXX_LANGUAGE_STANDARD = "gnu++14";
				CLANG_CXX_LIBRARY = "libc++";
				CLANG_ENABLE_MODULES = YES;
				CLANG_ENABLE_OBJC_ARC = YES;
				CLANG_ENABLE_OBJC_WEAK = YES;
				CLANG_WARN_BLOCK_CAPTURE_AUTORELEASING = YES;
				CLANG_WARN_BOOL_CONVERSION = YES;
				CLANG_WARN_COMMA = YES;
				CLANG_WARN_CONSTANT_CONVERSION = YES;
				CLANG_WARN_DEPRECATED_OBJC_IMPLEMENTATIONS = YES;
				CLANG_WARN_DIRECT_OBJC_ISA_USAGE = YES_ERROR;
				CLANG_WARN_DOCUMENTATION_COMMENTS = YES;
				CLANG_WARN_EMPTY_BODY = YES;
				CLANG_WARN_ENUM_CONVERSION = YES;
				CLANG_WARN_INFINITE_RECURSION = YES;
				CLANG_WARN_INT_CONVERSION = YES;
				CLANG_WARN_NON_LITERAL_NULL_CONVERSION = YES;
				CLANG_WARN_OBJC_IMPLICIT_RETAIN_SELF = YES;
				CLANG_WARN_OBJC_LITERAL_CONVERSION = YES;
				CLANG_WARN_OBJC_ROOT_CLASS = YES_ERROR;
				CLANG_WARN_RANGE_LOOP_ANALYSIS = YES;
				CLANG_WARN_STRICT_PROTOTYPES = YES;
				CLANG_WARN_SUSPICIOUS_MOVE = YES;
				CLANG_WARN_UNGUARDED_AVAILABILITY = YES_AGGRESSIVE;
				CLANG_WARN_UNREACHABLE_CODE = YES;
				CLANG_WARN__DUPLICATE_METHOD_MATCH = YES;
				CODE_SIGN_IDENTITY = "iPhone Developer";
				COPY_PHASE_STRIP = NO;
				DEBUG_INFORMATION_FORMAT = "dwarf-with-dsym";
				ENABLE_NS_ASSERTIONS = NO;
				ENABLE_STRICT_OBJC_MSGSEND = YES;
				GCC_C_LANGUAGE_STANDARD = gnu11;
				GCC_NO_COMMON_BLOCKS = YES;
				GCC_WARN_64_TO_32_BIT_CONVERSION = YES;
				GCC_WARN_ABOUT_RETURN_TYPE = YES_ERROR;
				GCC_WARN_UNDECLARED_SELECTOR = YES;
				GCC_WARN_UNINITIALIZED_AUTOS = YES_AGGRESSIVE;
				GCC_WARN_UNUSED_FUNCTION = YES;
				GCC_WARN_UNUSED_VARIABLE = YES;
				IPHONEOS_DEPLOYMENT_TARGET = 11.3;
				MTL_ENABLE_DEBUG_INFO = NO;
				SDKROOT = iphoneos;
				SWIFT_COMPILATION_MODE = wholemodule;
				SWIFT_OPTIMIZATION_LEVEL = "-O";
				VALIDATE_PRODUCT = YES;
			};
			name = Release;
		};
		047F8CB120F0E28B009C8E3C /* Debug */ = {
			isa = XCBuildConfiguration;
			buildSettings = {
				ASSETCATALOG_COMPILER_APPICON_NAME = AppIcon;
				CODE_SIGN_STYLE = Automatic;
				DEVELOPMENT_TEAM = T43MEX2BM7;
				INFOPLIST_FILE = videoLoader/Info.plist;
				LD_RUNPATH_SEARCH_PATHS = (
					"$(inherited)",
					"@executable_path/Frameworks",
				);
				PRODUCT_BUNDLE_IDENTIFIER = testid.videoLoader;
				PRODUCT_NAME = "$(TARGET_NAME)";
				SWIFT_VERSION = 4.0;
				TARGETED_DEVICE_FAMILY = "1,2";
			};
			name = Debug;
		};
		047F8CB220F0E28B009C8E3C /* Release */ = {
			isa = XCBuildConfiguration;
			buildSettings = {
				ASSETCATALOG_COMPILER_APPICON_NAME = AppIcon;
				CODE_SIGN_STYLE = Automatic;
				DEVELOPMENT_TEAM = T43MEX2BM7;
				INFOPLIST_FILE = videoLoader/Info.plist;
				LD_RUNPATH_SEARCH_PATHS = (
					"$(inherited)",
					"@executable_path/Frameworks",
				);
				PRODUCT_BUNDLE_IDENTIFIER = testid.videoLoader;
				PRODUCT_NAME = "$(TARGET_NAME)";
				SWIFT_VERSION = 4.0;
				TARGETED_DEVICE_FAMILY = "1,2";
			};
			name = Release;
		};
/* End XCBuildConfiguration section */

/* Begin XCConfigurationList section */
		047F8C9920F0E289009C8E3C /* Build configuration list for PBXProject "videoLoader" */ = {
			isa = XCConfigurationList;
			buildConfigurations = (
				047F8CAE20F0E28B009C8E3C /* Debug */,
				047F8CAF20F0E28B009C8E3C /* Release */,
			);
			defaultConfigurationIsVisible = 0;
			defaultConfigurationName = Release;
		};
		047F8CB020F0E28B009C8E3C /* Build configuration list for PBXNativeTarget "videoLoader" */ = {
			isa = XCConfigurationList;
			buildConfigurations = (
				047F8CB120F0E28B009C8E3C /* Debug */,
				047F8CB220F0E28B009C8E3C /* Release */,
			);
			defaultConfigurationIsVisible = 0;
			defaultConfigurationName = Release;
		};
/* End XCConfigurationList section */
	};
	rootObject = 047F8C9620F0E289009C8E3C /* Project object */;
}
